
Microsoft Visual Studio Solution File, Format Version 11.00
# Visual Studio 2010
Project("{FAE04EC0-301F-11D3-BF4B-00C04F79EFBC}") = "CuriousWeatherReport", "CuriousWeatherReport\CuriousWeatherReport.csproj", "{03ED4872-34E7-4597-A41A-F64D3E03F290}"
EndProject
Global
	GlobalSection(SolutionConfigurationPlatforms) = preSolution
		Debug|iPhoneSimulator = Debug|iPhoneSimulator
		Release|iPhoneSimulator = Release|iPhoneSimulator
		Debug|iPhone = Debug|iPhone
		Release|iPhone = Release|iPhone
		Ad-Hoc|iPhone = Ad-Hoc|iPhone
		AppStore|iPhone = AppStore|iPhone
	EndGlobalSection
	GlobalSection(ProjectConfigurationPlatforms) = postSolution
		{03ED4872-34E7-4597-A41A-F64D3E03F290}.Ad-Hoc|iPhone.ActiveCfg = Ad-Hoc|iPhone
		{03ED4872-34E7-4597-A41A-F64D3E03F290}.Ad-Hoc|iPhone.Build.0 = Ad-Hoc|iPhone
		{03ED4872-34E7-4597-A41A-F64D3E03F290}.AppStore|iPhone.ActiveCfg = AppStore|iPhone
		{03ED4872-34E7-4597-A41A-F64D3E03F290}.AppStore|iPhone.Build.0 = AppStore|iPhone
		{03ED4872-34E7-4597-A41A-F64D3E03F290}.Debug|iPhone.ActiveCfg = Debug|iPhone
		{03ED4872-34E7-4597-A41A-F64D3E03F290}.Debug|iPhone.Build.0 = Debug|iPhone
		{03ED4872-34E7-4597-A41A-F64D3E03F290}.Debug|iPhoneSimulator.ActiveCfg = Debug|iPhoneSimulator
		{03ED4872-34E7-4597-A41A-F64D3E03F290}.Debug|iPhoneSimulator.Build.0 = Debug|iPhoneSimulator
		{03ED4872-34E7-4597-A41A-F64D3E03F290}.Release|iPhone.ActiveCfg = Release|iPhone
		{03ED4872-34E7-4597-A41A-F64D3E03F290}.Release|iPhone.Build.0 = Release|iPhone
		{03ED4872-34E7-4597-A41A-F64D3E03F290}.Release|iPhoneSimulator.ActiveCfg = Release|iPhoneSimulator
		{03ED4872-34E7-4597-A41A-F64D3E03F290}.Release|iPhoneSimulator.Build.0 = Release|iPhoneSimulator
	EndGlobalSection
	GlobalSection(MonoDevelopProperties) = preSolution
		StartupItem = CuriousWeatherReport\CuriousWeatherReport.csproj
	EndGlobalSection
EndGlobal
